
Microsoft Visual Studio Solution File, Format Version 12.00
# Visual Studio Version 17
VisualStudioVersion = 17.9.34728.123
MinimumVisualStudioVersion = 10.0.40219.1
Project("{9A19103F-16F7-4668-BE54-9A1E7A4F7556}") = "EmailRewriter", "EmailRewiter.Console\EmailRewriter.csproj", "{E92259D9-A770-4648-B4FB-1D00D82B1689}"
EndProject
Project("{9A19103F-16F7-4668-BE54-9A1E7A4F7556}") = "EmailRewriter.Web", "EmailRewriter.Web\EmailRewriter.Web.csproj", "{4929069A-3836-4202-80EB-C450F59EB820}"
EndProject
Project("{FAE04EC0-301F-11D3-BF4B-00C04F79EFBC}") = "EmailRewriter.AppHost", "EmailRewriter.AppHost\EmailRewriter.AppHost.csproj", "{837CEDDE-2513-4418-ABF8-375CB6A0AC37}"
EndProject
Project("{9A19103F-16F7-4668-BE54-9A1E7A4F7556}") = "EmailRewriter.ServiceDefaults", "EmailRewriter.ServiceDefaults\EmailRewriter.ServiceDefaults.csproj", "{FAA4B6D3-B910-4796-B0CC-AF8AA30C9151}"
EndProject
Global
	GlobalSection(SolutionConfigurationPlatforms) = preSolution
		Debug|Any CPU = Debug|Any CPU
		Release|Any CPU = Release|Any CPU
	EndGlobalSection
	GlobalSection(ProjectConfigurationPlatforms) = postSolution
		{E92259D9-A770-4648-B4FB-1D00D82B1689}.Debug|Any CPU.ActiveCfg = Debug|Any CPU
		{E92259D9-A770-4648-B4FB-1D00D82B1689}.Debug|Any CPU.Build.0 = Debug|Any CPU
		{E92259D9-A770-4648-B4FB-1D00D82B1689}.Release|Any CPU.ActiveCfg = Release|Any CPU
		{E92259D9-A770-4648-B4FB-1D00D82B1689}.Release|Any CPU.Build.0 = Release|Any CPU
		{4929069A-3836-4202-80EB-C450F59EB820}.Debug|Any CPU.ActiveCfg = Debug|Any CPU
		{4929069A-3836-4202-80EB-C450F59EB820}.Debug|Any CPU.Build.0 = Debug|Any CPU
		{4929069A-3836-4202-80EB-C450F59EB820}.Release|Any CPU.ActiveCfg = Release|Any CPU
		{4929069A-3836-4202-80EB-C450F59EB820}.Release|Any CPU.Build.0 = Release|Any CPU
		{837CEDDE-2513-4418-ABF8-375CB6A0AC37}.Debug|Any CPU.ActiveCfg = Debug|Any CPU
		{837CEDDE-2513-4418-ABF8-375CB6A0AC37}.Debug|Any CPU.Build.0 = Debug|Any CPU
		{837CEDDE-2513-4418-ABF8-375CB6A0AC37}.Release|Any CPU.ActiveCfg = Release|Any CPU
		{837CEDDE-2513-4418-ABF8-375CB6A0AC37}.Release|Any CPU.Build.0 = Release|Any CPU
		{FAA4B6D3-B910-4796-B0CC-AF8AA30C9151}.Debug|Any CPU.ActiveCfg = Debug|Any CPU
		{FAA4B6D3-B910-4796-B0CC-AF8AA30C9151}.Debug|Any CPU.Build.0 = Debug|Any CPU
		{FAA4B6D3-B910-4796-B0CC-AF8AA30C9151}.Release|Any CPU.ActiveCfg = Release|Any CPU
		{FAA4B6D3-B910-4796-B0CC-AF8AA30C9151}.Release|Any CPU.Build.0 = Release|Any CPU
	EndGlobalSection
	GlobalSection(SolutionProperties) = preSolution
		HideSolutionNode = FALSE
	EndGlobalSection
	GlobalSection(ExtensibilityGlobals) = postSolution
		SolutionGuid = {A507EA8A-4D3C-4008-AE12-6B259A34BBBB}
	EndGlobalSection
EndGlobal
